github.com/google/go-cmp v0.6.0 h1:ofyhxvXcZhMsU5ulbFiLKl/XBFqE1GSq7atu8tAmTRI=
github.com/google/go-cmp v0.6.0/go.mod h1:17dUlkBOakJ0+DkrSSNjCkIjxS6bF9zb3elmeNGIjoY=
github.com/ishidawataru/sctp v0.0.0-20230406120618-7ff4192f6ff2 h1:i2fYnDurfLlJH8AyyMOnkLHnHeP8Ff/DDpuZA/D3bPo=
github.com/ishidawataru/sctp v0.0.0-20230406120618-7ff4192f6ff2/go.mod h1:co9pwDoBCm1kGxawmb4sPq0cSIOOWNPT4KnHotMP1Zg=
github.com/pascaldekloe/goe v0.1.1 h1:Ah6WQ56rZONR3RW3qWa2NCZ6JAVvSpUcoLBaOmYFt9Q=
github.com/pascaldekloe/goe v0.1.1/go.mod h1:KSyfaxQOh0HZPjDP1FL/kFtbqYqrALJTaMafFUIccqU=
github.com/wmnsk/go-m3ua v0.1.9 h1:3dhHT63HQ9CVFRwqKrHi54nIonHbRDnuYPIhLnUQ4Pg=
github.com/wmnsk/go-m3ua v0.1.9/go.mod h1:OtE8HG+xgrjwmdVbXI+x4Xkm4HtdhDha+Ztbb/H8HSQ=
